// !$*UTF8*$!
{ archiveVersion = 1; classes = {}; objectVersion = 56; objects = {
A00000000000000000000001 = {isa = PBXProject; buildConfigurationList = A00000000000000000000002; compatibilityVersion = "Xcode 14.0"; developmentRegion = en; hasScannedForEncodings = 0; knownRegions = (en, Base); mainGroup = A00000000000000000000003; productRefGroup = A00000000000000000000004; projectDirPath = ""; projectRoot = ""; targets = (A00000000000000000000005); };
A00000000000000000000002 = {isa = XCConfigurationList; buildConfigurations = (A00000000000000000000006); defaultConfigurationIsVisible = 0; defaultConfigurationName = Debug; };
A00000000000000000000003 = {isa = PBXGroup; children = (A00000000000000000000007, A00000000000000000000004); sourceTree = "<group>"; };
A00000000000000000000004 = {isa = PBXGroup; children = (A00000000000000000000008); name = Products; sourceTree = "<group>"; };
A00000000000000000000005 = {isa = PBXNativeTarget; buildConfigurationList = A00000000000000000000009; buildPhases = (A00000000000000000000010, A00000000000000000000011); buildRules = (); dependencies = (); name = ApexTermUITests; productName = ApexTermUITests; productReference = A00000000000000000000008; productType = "com.apple.product-type.bundle.ui-testing"; };
A00000000000000000000006 = {isa = XCBuildConfiguration; buildSettings = {SDKROOT = macosx; MACOSX_DEPLOYMENT_TARGET = 14.0; }; name = Debug; };
A00000000000000000000007 = {isa = PBXFileReference; lastKnownFileType = sourcecode.swift; path = ApexTermUITests.swift; sourceTree = "<group>"; };
A00000000000000000000008 = {isa = PBXFileReference; explicitFileType = wrapper.cfbundle; path = ApexTermUITests.xctest; sourceTree = BUILT_PRODUCTS_DIR; };
A00000000000000000000009 = {isa = XCConfigurationList; buildConfigurations = (A00000000000000000000012); defaultConfigurationIsVisible = 0; defaultConfigurationName = Debug; };
A00000000000000000000010 = {isa = PBXSourcesBuildPhase; buildActionMask = 2147483647; files = (A00000000000000000000013); runOnlyForDeploymentPostprocessing = 0; };
A00000000000000000000011 = {isa = PBXFrameworksBuildPhase; buildActionMask = 2147483647; files = (); runOnlyForDeploymentPostprocessing = 0; };
A00000000000000000000012 = {isa = XCBuildConfiguration; buildSettings = {PRODUCT_NAME = "$(TARGET_NAME)"; PRODUCT_BUNDLE_IDENTIFIER = com.apexterm.uiacceptance; GENERATE_INFOPLIST_FILE = YES; SWIFT_VERSION = 6.0; CODE_SIGNING_ALLOWED = YES; CODE_SIGN_IDENTITY = "-"; CODE_SIGN_STYLE = Manual; SDKROOT = macosx; MACOSX_DEPLOYMENT_TARGET = 14.0; ENABLE_USER_SCRIPT_SANDBOXING = YES; ALWAYS_SEARCH_USER_PATHS = NO; SWIFT_STRICT_CONCURRENCY = complete; }; name = Debug; };
A00000000000000000000013 = {isa = PBXBuildFile; fileRef = A00000000000000000000007; };
}; rootObject = A00000000000000000000001; }
